
Microsoft Visual Studio Solution File, Format Version 12.00
Project("{FAE04EC0-301F-11D3-BF4B-00C04F79EFBC}") = "Mize-RateLimiterAssignment", "Mize-RateLimiterAssignment.csproj", "{536F87D0-7FFD-4788-AFA6-467DEC10B62A}"
EndProject
Project("{FAE04EC0-301F-11D3-BF4B-00C04F79EFBC}") = "RateLimiter.Tests", "RateLimiter.Tests\RateLimiter.Tests.csproj", "{5026415C-0A20-4642-8DEB-6A1ABBD2A974}"
EndProject
Global
	GlobalSection(SolutionConfigurationPlatforms) = preSolution
		Debug|Any CPU = Debug|Any CPU
		Release|Any CPU = Release|Any CPU
	EndGlobalSection
	GlobalSection(ProjectConfigurationPlatforms) = postSolution
		{536F87D0-7FFD-4788-AFA6-467DEC10B62A}.Debug|Any CPU.ActiveCfg = Debug|Any CPU
		{536F87D0-7FFD-4788-AFA6-467DEC10B62A}.Debug|Any CPU.Build.0 = Debug|Any CPU
		{536F87D0-7FFD-4788-AFA6-467DEC10B62A}.Release|Any CPU.ActiveCfg = Release|Any CPU
		{536F87D0-7FFD-4788-AFA6-467DEC10B62A}.Release|Any CPU.Build.0 = Release|Any CPU
		{5026415C-0A20-4642-8DEB-6A1ABBD2A974}.Debug|Any CPU.ActiveCfg = Debug|Any CPU
		{5026415C-0A20-4642-8DEB-6A1ABBD2A974}.Debug|Any CPU.Build.0 = Debug|Any CPU
		{5026415C-0A20-4642-8DEB-6A1ABBD2A974}.Release|Any CPU.ActiveCfg = Release|Any CPU
		{5026415C-0A20-4642-8DEB-6A1ABBD2A974}.Release|Any CPU.Build.0 = Release|Any CPU
	EndGlobalSection
EndGlobal
